
Microsoft Visual Studio Solution File, Format Version 12.00
# Visual Studio Version 16
VisualStudioVersion = 16.0.33529.622
MinimumVisualStudioVersion = 10.0.40219.1
Project("{FAE04EC0-301F-11D3-BF4B-00C04F79EFBC}") = "PP2024", "PP2024\PP2024.csproj", "{5C8E3087-720A-4C70-9860-C0DD009BA657}"
EndProject
Global
	GlobalSection(SolutionConfigurationPlatforms) = preSolution
		Debug|Any CPU = Debug|Any CPU
		Release|Any CPU = Release|Any CPU
	EndGlobalSection
	GlobalSection(ProjectConfigurationPlatforms) = postSolution
		{5C8E3087-720A-4C70-9860-C0DD009BA657}.Debug|Any CPU.ActiveCfg = Debug|Any CPU
		{5C8E3087-720A-4C70-9860-C0DD009BA657}.Debug|Any CPU.Build.0 = Debug|Any CPU
		{5C8E3087-720A-4C70-9860-C0DD009BA657}.Release|Any CPU.ActiveCfg = Release|Any CPU
		{5C8E3087-720A-4C70-9860-C0DD009BA657}.Release|Any CPU.Build.0 = Release|Any CPU
	EndGlobalSection
	GlobalSection(SolutionProperties) = preSolution
		HideSolutionNode = FALSE
	EndGlobalSection
	GlobalSection(ExtensibilityGlobals) = postSolution
		SolutionGuid = {7E02A1C3-29E7-420F-886E-9C9BFF49C571}
	EndGlobalSection
EndGlobal
